{
  "version": "2",
  "remote": {
    "https://deno.land/std@0.141.0/_util/assert.ts": "e94f2eb37cebd7f199952e242c77654e43333c1ac4c5c700e929ea3aa5489f74",
    "https://deno.land/std@0.141.0/bytes/bytes_list.ts": "67eb118e0b7891d2f389dad4add35856f4ad5faab46318ff99653456c23b025d",
    "https://deno.land/std@0.141.0/bytes/equals.ts": "fc16dff2090cced02497f16483de123dfa91e591029f985029193dfaa9d894c9",
    "https://deno.land/std@0.141.0/bytes/mod.ts": "763f97d33051cc3f28af1a688dfe2830841192a9fea0cbaa55f927b49d49d0bf",
    "https://deno.land/std@0.141.0/fmt/colors.ts": "30455035d6d728394781c10755351742dd731e3db6771b1843f9b9e490104d37",
    "https://deno.land/std@0.141.0/io/buffer.ts": "bd0c4bf53db4b4be916ca5963e454bddfd3fcd45039041ea161dbf826817822b",
    "https://deno.land/std@0.141.0/io/types.d.ts": "01f60ae7ec02675b5dbed150d258fc184a78dfe5c209ef53ba4422b46b58822c",
    "https://deno.land/std@0.141.0/streams/conversion.ts": "8268f3f1a43324953dd8e9e4e31adb42e3caddb4502433bde03c279e43d70a3b",
    "https://deno.land/std@0.160.0/_util/assert.ts": "e94f2eb37cebd7f199952e242c77654e43333c1ac4c5c700e929ea3aa5489f74",
    "https://deno.land/std@0.160.0/_util/os.ts": "8a33345f74990e627b9dfe2de9b040004b08ea5146c7c9e8fe9a29070d193934",
    "https://deno.land/std@0.160.0/bytes/bytes_list.ts": "aba5e2369e77d426b10af1de0dcc4531acecec27f9b9056f4f7bfbf8ac147ab4",
    "https://deno.land/std@0.160.0/bytes/equals.ts": "3c3558c3ae85526f84510aa2b48ab2ad7bdd899e2e0f5b7a8ffc85acb3a6043a",
    "https://deno.land/std@0.160.0/bytes/mod.ts": "b2e342fd3669176a27a4e15061e9d588b89c1aaf5008ab71766e23669565d179",
    "https://deno.land/std@0.160.0/encoding/base64.ts": "c57868ca7fa2fbe919f57f88a623ad34e3d970d675bdc1ff3a9d02bba7409db2",
    "https://deno.land/std@0.160.0/flags/mod.ts": "686b6b36e14b00f11c9e26cecf439021158436a6e34f60eeb0d927f0b169ae20",
    "https://deno.land/std@0.160.0/io/buffer.ts": "fae02290f52301c4e0188670e730cd902f9307fb732d79c4aa14ebdc82497289",
    "https://deno.land/std@0.160.0/io/mod.ts": "6e781ebafd5cdccf9ab4afa1f499b08c513602d023cb08ceebc58758501f78bd",
    "https://deno.land/std@0.160.0/io/readers.ts": "45847ad404afd2f605eae1cff193f223462bc55eeb9ae313c2f3db28aada0fd6",
    "https://deno.land/std@0.160.0/io/types.d.ts": "107e1e64834c5ba917c783f446b407d33432c5d612c4b3430df64fc2b4ecf091",
    "https://deno.land/std@0.160.0/io/util.ts": "23e706b4b6a3ebb34af00ad74d7549d906f3211fc98c1fba1185a36e017fb727",
    "https://deno.land/std@0.160.0/io/writers.ts": "2e1c63ffd0cfba411b1fd8374609abff9ea86187c9d4d885d42e6fc20325ef0e",
    "https://deno.land/std@0.160.0/path/_constants.ts": "df1db3ffa6dd6d1252cc9617e5d72165cd2483df90e93833e13580687b6083c3",
    "https://deno.land/std@0.160.0/path/_interface.ts": "ee3b431a336b80cf445441109d089b70d87d5e248f4f90ff906820889ecf8d09",
    "https://deno.land/std@0.160.0/path/_util.ts": "d16be2a16e1204b65f9d0dfc54a9bc472cafe5f4a190b3c8471ec2016ccd1677",
    "https://deno.land/std@0.160.0/path/common.ts": "bee563630abd2d97f99d83c96c2fa0cca7cee103e8cb4e7699ec4d5db7bd2633",
    "https://deno.land/std@0.160.0/path/glob.ts": "cb5255638de1048973c3e69e420c77dc04f75755524cb3b2e160fe9277d939ee",
    "https://deno.land/std@0.160.0/path/mod.ts": "56fec03ad0ebd61b6ab39ddb9b0ddb4c4a5c9f2f4f632e09dd37ec9ebfd722ac",
    "https://deno.land/std@0.160.0/path/posix.ts": "6b63de7097e68c8663c84ccedc0fd977656eb134432d818ecd3a4e122638ac24",
    "https://deno.land/std@0.160.0/path/separator.ts": "fe1816cb765a8068afb3e8f13ad272351c85cbc739af56dacfc7d93d710fe0f9",
    "https://deno.land/std@0.160.0/path/win32.ts": "ee8826dce087d31c5c81cd414714e677eb68febc40308de87a2ce4b40e10fb8d",
    "https://deno.land/std@0.160.0/uuid/_common.ts": "76e1fdfb03aecf733f7b3a5edc900f5734f2433b359fdb1535f8de72873bdb3f",
    "https://deno.land/std@0.160.0/uuid/mod.ts": "e57ba10200d75f2b17570f13eba19faa6734b1be2da5091e2c01039df41274a5",
    "https://deno.land/std@0.160.0/uuid/v1.ts": "7123410ef9ce980a4f2e54a586ccde5ed7063f6f119a70d86eebd92f8e100295",
    "https://deno.land/std@0.160.0/uuid/v4.ts": "3e983c6ac895ea2a7ba03da927a2438fe1c26ac43fb38dc44f2f8aa50c23cb53",
    "https://deno.land/std@0.160.0/uuid/v5.ts": "43973aeda44ad212f2ec9b8d6c042b74d5cef4ce583d6aa6fc4cdb339344c74c",
    "https://deno.land/std@0.170.0/_util/asserts.ts": "d0844e9b62510f89ce1f9878b046f6a57bf88f208a10304aab50efcb48365272",
    "https://deno.land/std@0.170.0/async/abortable.ts": "80b2ac399f142cc528f95a037a7d0e653296352d95c681e284533765961de409",
    "https://deno.land/std@0.170.0/async/deadline.ts": "2c2deb53c7c28ca1dda7a3ad81e70508b1ebc25db52559de6b8636c9278fd41f",
    "https://deno.land/std@0.170.0/async/debounce.ts": "60301ffb37e730cd2d6f9dadfd0ecb2a38857681bd7aaf6b0a106b06e5210a98",
    "https://deno.land/std@0.170.0/async/deferred.ts": "77d3f84255c3627f1cc88699d8472b664d7635990d5358c4351623e098e917d6",
    "https://deno.land/std@0.170.0/async/delay.ts": "5a9bfba8de38840308a7a33786a0155a7f6c1f7a859558ddcec5fe06e16daf57",
    "https://deno.land/std@0.170.0/async/mod.ts": "7809ad4bb223e40f5fdc043e5c7ca04e0e25eed35c32c3c32e28697c553fa6d9",
    "https://deno.land/std@0.170.0/async/mux_async_iterator.ts": "770a0ff26c59f8bbbda6b703a2235f04e379f73238e8d66a087edc68c2a2c35f",
    "https://deno.land/std@0.170.0/async/pool.ts": "6854d8cd675a74c73391c82005cbbe4cc58183bddcd1fbbd7c2bcda42b61cf69",
    "https://deno.land/std@0.170.0/async/retry.ts": "e8e5173623915bbc0ddc537698fa418cf875456c347eda1ed453528645b42e67",
    "https://deno.land/std@0.170.0/async/tee.ts": "3a47cc4e9a940904fd4341f0224907e199121c80b831faa5ec2b054c6d2eff5e",
    "https://deno.land/std@0.170.0/datetime/to_imf.ts": "bdb0704a986a9bb48fba220722b3d4681e4b8c9c162562ee545ef2eb90b6edcd",
    "https://deno.land/std@0.170.0/http/cookie.ts": "581464551b3d91739f699fbd6a429e6e8701ae252cf295efcda7379e8410d204",
    "https://deno.land/std@0.170.0/http/http_status.ts": "ed24048cc0d06066c944da59b0301da3ae2f990564bb4ad79bb52a09cf8e9b30",
    "https://deno.land/x/another_cookiejar@v4.1.4/cookie.ts": "72d6a6633ea13dd2f13b53d9726735b194996353a958024072c4d6b077c97baf",
    "https://deno.land/x/another_cookiejar@v4.1.4/cookie_jar.ts": "9accd36e76929f2f06fa710d2165fb544703617245fa36ac63560b9fa2a22a25",
    "https://deno.land/x/another_cookiejar@v4.1.4/fetch_wrapper.ts": "d8918c0776413b2d4a675415727973390b4401a026f6dfdcffedce3296b5e0dc",
    "https://deno.land/x/another_cookiejar@v4.1.4/mod.ts": "eff949014965771f2cd447fe78625a1ad28b59333afa40640f02c0922534d89a",
    "https://deno.land/x/msgpack@v1.4/CachedKeyDecoder.ts": "c39b6f1572902ae08c0e4971f639e81031ac59403957fc43c6fb3c7fe69d99a1",
    "https://deno.land/x/msgpack@v1.4/Decoder.ts": "bdb68309cd51da2b9a897f269784c6d636796258838a97f25b0e1b399c6f369b",
    "https://deno.land/x/msgpack@v1.4/Encoder.ts": "4852bbacb30cd66eb2bd61a9e20476802458b991e13aacb5eb984d0348247ffe",
    "https://deno.land/x/msgpack@v1.4/ExtData.ts": "8d97fe43568e119a1eeb93e1ef1c431e0a24e392fb0c6ffed775aac1e579f244",
    "https://deno.land/x/msgpack@v1.4/ExtensionCodec.ts": "e8a24eb1786156239f589cc3058c8ff3d79ed393f420c40fdf7a93df943c91f2",
    "https://deno.land/x/msgpack@v1.4/context.ts": "6228de10854dbadf6aef096960af0115214078ec3784eca4565587769fde3d1c",
    "https://deno.land/x/msgpack@v1.4/decode.ts": "c808aeec46f6d0e5b28d0bbacd40e78d0a3614b229368c70db2e53c03f7555ca",
    "https://deno.land/x/msgpack@v1.4/decodeAsync.ts": "19e4f33ba0cc8d200b857deb9721bace863c0e89f7bff73e2b04379e4ee85bad",
    "https://deno.land/x/msgpack@v1.4/encode.ts": "c5598f8eec9efcbd0ef07f246ade049a8f4906703cdb601baf03b2774b293916",
    "https://deno.land/x/msgpack@v1.4/mod.ts": "c28290db26b1ea027e1798085fd6c8055685ea086f1418d54a33542b285633c9",
    "https://deno.land/x/msgpack@v1.4/timestamp.ts": "5169949efe39bc24f58cd5dcaae682cdf5353c762a54abf9ae6e18c8d9feb648",
    "https://deno.land/x/msgpack@v1.4/utils/int.ts": "b08743982f954d2dd7f4f11d868019576b63cb8147d8acc1bce3843f39398188",
    "https://deno.land/x/msgpack@v1.4/utils/prettyByte.ts": "35c8104d57ba2a727056beaf1063bbe941d512cdd23ce6b04d7c5b44dafcd46e",
    "https://deno.land/x/msgpack@v1.4/utils/stream.ts": "1315e29af5c1a40d97bfa6f1c4f7f73d26067b912236f56851981f2f049500b8",
    "https://deno.land/x/msgpack@v1.4/utils/typedArrays.ts": "bb819c2f28cf7f85ed50b2e57f108462715555cc61ce315e8134cf1eef2ae662",
    "https://deno.land/x/msgpack@v1.4/utils/utf8.ts": "93183055a7a41986080eeb711e83d553e7c8b121642da4379a5adf253b7beefd",
    "https://deno.land/x/progress@v1.2.8/deps.ts": "e0abdc972a0c152508b28ced5ae9c4be26a5773f0aa4a3caa72371c84d2e28a2",
    "https://deno.land/x/progress@v1.2.8/mod.ts": "5ef7c7ff079d71effed5055666af81cc58a566bc98e2df8473526bd6457976c5",
    "https://deno.land/x/progress@v1.2.8/multi.ts": "392553552243204539d83ee53cadda990db20b1b421520411318ff9bd0320646",
    "https://deno.land/x/semaphore@v1.1.1/mod.ts": "431abb51927a16c537cec1cfb05bf2de6a8f3916331f1ec3f9f13ad7ad6a4ea5",
    "https://deno.land/x/semaphore@v1.1.1/mutex.ts": "2cc6490481f0fdfe97c6b326a2073819d76b76eac3877864a8ada6a2127492f2",
    "https://deno.land/x/semaphore@v1.1.1/semaphore.ts": "0acf1159d635fa3b9198a4ad4acac9e877d79196601aa80544ac0db5a71c646d",
    "https://deno.land/x/ts_essentials@v9.1.2/lib/functions.ts": "20681c98ce82d503dba56f5ef9313c196f18a2317ce7c0c331cc3fdea0d56688",
    "https://deno.land/x/ts_essentials@v9.1.2/lib/literal-types/mod.ts": "c1b9e16a7e49814e9509bed8a5dec25b717761a37d0ef1589d411bd6130dd2e5",
    "https://deno.land/x/ts_essentials@v9.1.2/lib/mod.ts": "d7e44a25aa621425ffd118a0210a492c5c354411018e2db648a68614d5901f5b",
    "https://deno.land/x/ts_essentials@v9.1.2/lib/types.ts": "7ee99797a880948c07020e90d569ca3c5d465c378949262110283aa7856f5603",
    "https://deno.land/x/ts_essentials@v9.1.2/mod.ts": "ffae461c16d4a1bf24c2179582ab8d5c81ad0df61e4ae2fba51ef5e5bdf90345",
    "https://edge-utils.netlify.app/1.1.0/logger/mod.ts": "f5a56eec969bc136c394f41290a3a18d767e44604cd6169765a17b6533da5f83",
    "https://edge.netlify.com/": "610a527f95d87f722762bf3745be72361ad681411f25bf7b86e3ace654513531",
    "https://edge.netlify.com/bootstrap/account.ts": "db03119ab77f583fe3085958b3739043713f84454adba665666b7d437531dab4",
    "https://edge.netlify.com/bootstrap/config.ts": "a13f9dd4979f00e5bf996e18995852cc8194e20e352a2f6d46345f9614691739",
    "https://edge.netlify.com/bootstrap/context.ts": "a26c5bb388b11bd13f446dd32797e332c8a16aa818b0e5ade161cd4fb938d251",
    "https://edge.netlify.com/bootstrap/cookie_store.ts": "d77ebc65d0674c10a950ed8aea36203cb6c9539cb7f564cf8be69880986da93f",
    "https://edge.netlify.com/bootstrap/edge_function.ts": "a4badf05712b596e0d1a8bb02e3de3f0d3b0b1ee85035c25bb645760986af469",
    "https://edge.netlify.com/bootstrap/environment.ts": "310fda1b6341d50ba1b7838acd3acdcc883a6c59e30783fa486fa03fa512cd3f",
    "https://edge.netlify.com/bootstrap/feature_flags.ts": "7d08fd81442364a1756184de62ad8de1ac118799812c6f7fd9f8733431993a77",
    "https://edge.netlify.com/bootstrap/function_chain.ts": "30f7f70dfda5401ee0caeefd221a4ee11f14516d75b5d72f107592428128f228",
    "https://edge.netlify.com/bootstrap/geo.ts": "aa52dbe3bd74ae7568e20772700568751f812aa8ca2af728db7462a1d67c2d76",
    "https://edge.netlify.com/bootstrap/handler.ts": "aa03740d103267eda79b4e7918c43b8ccf38a3c8a92facf7b68127939aa89872",
    "https://edge.netlify.com/bootstrap/headers.ts": "d27a0ce164336fe30b0041bac574aa8302cf5f89601f3e238a22a0e88713c688",
    "https://edge.netlify.com/bootstrap/log/log_location.ts": "345c12df61c6cdeec9f5003f7df5bd83013367ece6cf50397016f875cf687027",
    "https://edge.netlify.com/bootstrap/log/logger.ts": "c8d7968cb3517538e2ac1094152523f482a885b7c3d998d88f4499f03374322d",
    "https://edge.netlify.com/bootstrap/log/types.ts": "be534c9e56a358189415e7c447e093daa4293e89c05a210ab20a1218802ac4f9",
    "https://edge.netlify.com/bootstrap/request.ts": "e0d5fabab9884d2923ea3eafdab9b5fb9d1e5a4581d39da0e5fa109db58f8fe7",
    "https://edge.netlify.com/bootstrap/response.ts": "beac0d12589790a233873439e82c57c019ea1a600609f9658e65a171004dd4fe",
    "https://edge.netlify.com/bootstrap/retry.ts": "254bdc76bbc74eba3ddc1a6608511ba6e55ca9ceeb8b704d5dde5d69aa300f90",
    "https://edge.netlify.com/bootstrap/site.ts": "92469673f289c124a9985c7027dc6c166364371b209b5a674aa05d482ad5583b",
    "https://edge.netlify.com/bootstrap/stage_2.ts": "aec0414b2abce6b75d6b57f0fedbed9f39479553dc950e0eb54669e589363c1a",
    "https://edge.netlify.com/bootstrap/util/named_wrapper.ts": "a2b16dc9a8e8fb07509b5cfe29203eebd5bfaafe7589669bae544c8d4d606934"
  }
}
